
Microsoft Visual Studio Solution File, Format Version 11.00
# Visual Studio 2010
Project("{8BC9CEB8-8B4A-11D0-8D11-00A0C91BC942}") = "mdcpu-serial", "mdcpu-serial\mdcpu-serial.vcxproj", "{C71F73F0-2D6B-4A26-AE23-B7157DFF1C1F}"
EndProject
Global
	GlobalSection(SolutionConfigurationPlatforms) = preSolution
		Debug|Win32 = Debug|Win32
		Release|Win32 = Release|Win32
	EndGlobalSection
	GlobalSection(ProjectConfigurationPlatforms) = postSolution
		{C71F73F0-2D6B-4A26-AE23-B7157DFF1C1F}.Debug|Win32.ActiveCfg = Debug|Win32
		{C71F73F0-2D6B-4A26-AE23-B7157DFF1C1F}.Debug|Win32.Build.0 = Debug|Win32
		{C71F73F0-2D6B-4A26-AE23-B7157DFF1C1F}.Release|Win32.ActiveCfg = Release|Win32
		{C71F73F0-2D6B-4A26-AE23-B7157DFF1C1F}.Release|Win32.Build.0 = Release|Win32
	EndGlobalSection
	GlobalSection(SolutionProperties) = preSolution
		HideSolutionNode = FALSE
	EndGlobalSection
EndGlobal
